
Microsoft Visual Studio Solution File, Format Version 12.00
# Visual Studio Version 17
VisualStudioVersion = 17.5.33530.505
MinimumVisualStudioVersion = 10.0.40219.1
Project("{FAE04EC0-301F-11D3-BF4B-00C04F79EFBC}") = "EvdokimovAutoservice", "EvdokimovAutoservice.csproj", "{11C0616B-BC74-43C8-B17A-2C86C8357D7B}"
EndProject
Global
	GlobalSection(SolutionConfigurationPlatforms) = preSolution
		Debug|Any CPU = Debug|Any CPU
		Release|Any CPU = Release|Any CPU
	EndGlobalSection
	GlobalSection(ProjectConfigurationPlatforms) = postSolution
		{11C0616B-BC74-43C8-B17A-2C86C8357D7B}.Debug|Any CPU.ActiveCfg = Debug|Any CPU
		{11C0616B-BC74-43C8-B17A-2C86C8357D7B}.Debug|Any CPU.Build.0 = Debug|Any CPU
		{11C0616B-BC74-43C8-B17A-2C86C8357D7B}.Release|Any CPU.ActiveCfg = Release|Any CPU
		{11C0616B-BC74-43C8-B17A-2C86C8357D7B}.Release|Any CPU.Build.0 = Release|Any CPU
	EndGlobalSection
	GlobalSection(SolutionProperties) = preSolution
		HideSolutionNode = FALSE
	EndGlobalSection
	GlobalSection(ExtensibilityGlobals) = postSolution
		SolutionGuid = {42144DC2-C270-4C32-B191-80AF9B9ECF20}
	EndGlobalSection
EndGlobal
